
Microsoft Visual Studio Solution File, Format Version 12.00
# Visual Studio Version 16
VisualStudioVersion = 16.0.30803.129
MinimumVisualStudioVersion = 10.0.40219.1
Project("{FAE04EC0-301F-11D3-BF4B-00C04F79EFBC}") = "DagBok", "DagBok\DagBok.csproj", "{20AE113C-DCD8-475E-B0CF-C78FE654A35F}"
EndProject
Global
	GlobalSection(SolutionConfigurationPlatforms) = preSolution
		Debug|Any CPU = Debug|Any CPU
		Release|Any CPU = Release|Any CPU
	EndGlobalSection
	GlobalSection(ProjectConfigurationPlatforms) = postSolution
		{20AE113C-DCD8-475E-B0CF-C78FE654A35F}.Debug|Any CPU.ActiveCfg = Debug|Any CPU
		{20AE113C-DCD8-475E-B0CF-C78FE654A35F}.Debug|Any CPU.Build.0 = Debug|Any CPU
		{20AE113C-DCD8-475E-B0CF-C78FE654A35F}.Release|Any CPU.ActiveCfg = Release|Any CPU
		{20AE113C-DCD8-475E-B0CF-C78FE654A35F}.Release|Any CPU.Build.0 = Release|Any CPU
	EndGlobalSection
	GlobalSection(SolutionProperties) = preSolution
		HideSolutionNode = FALSE
	EndGlobalSection
	GlobalSection(ExtensibilityGlobals) = postSolution
		SolutionGuid = {33EFFD90-0F53-4DAC-A9EF-5B7279E20415}
	EndGlobalSection
EndGlobal
